// !$*UTF8*$!
{
	archiveVersion = 1;
	classes = {
	};
	objectVersion = 56;
	objects = {

/* Begin PBXBuildFile section */
		427F7BCC293707D600278A9B /* MealMeApp.swift in Sources */ = {isa = PBXBuildFile; fileRef = 427F7BCB293707D600278A9B /* MealMeApp.swift */; };
		427F7BCE293707D600278A9B /* ContentView.swift in Sources */ = {isa = PBXBuildFile; fileRef = 427F7BCD293707D600278A9B /* ContentView.swift */; };
		427F7BD0293707D900278A9B /* Assets.xcassets in Resources */ = {isa = PBXBuildFile; fileRef = 427F7BCF293707D900278A9B /* Assets.xcassets */; };
		427F7BD3293707D900278A9B /* Preview Assets.xcassets in Resources */ = {isa = PBXBuildFile; fileRef = 427F7BD2293707D900278A9B /* Preview Assets.xcassets */; };
		427F7BDD293707D900278A9B /* MealMeTests.swift in Sources */ = {isa = PBXBuildFile; fileRef = 427F7BDC293707D900278A9B /* MealMeTests.swift */; };
		427F7BE7293707D900278A9B /* MealMeUITests.swift in Sources */ = {isa = PBXBuildFile; fileRef = 427F7BE6293707D900278A9B /* MealMeUITests.swift */; };
		427F7BE9293707D900278A9B /* MealMeUITestsLaunchTests.swift in Sources */ = {isa = PBXBuildFile; fileRef = 427F7BE8293707D900278A9B /* MealMeUITestsLaunchTests.swift */; };
/* End PBXBuildFile section */

/* Begin PBXContainerItemProxy section */
		427F7BD9293707D900278A9B /* PBXContainerItemProxy */ = {
			isa = PBXContainerItemProxy;
			containerPortal = 427F7BC0293707D600278A9B /* Project object */;
			proxyType = 1;
			remoteGlobalIDString = 427F7BC7293707D600278A9B;
			remoteInfo = MealMe;
		};
		427F7BE3293707D900278A9B /* PBXContainerItemProxy */ = {
			isa = PBXContainerItemProxy;
			containerPortal = 427F7BC0293707D600278A9B /* Project object */;
			proxyType = 1;
			remoteGlobalIDString = 427F7BC7293707D600278A9B;
			remoteInfo = MealMe;
		};
/* End PBXContainerItemProxy section */

/* Begin PBXFileReference section */
		427F7BC8293707D600278A9B /* MealMe.app */ = {isa = PBXFileReference; explicitFileType = wrapper.application; includeInIndex = 0; path = MealMe.app; sourceTree = BUILT_PRODUCTS_DIR; };
		427F7BCB293707D600278A9B /* MealMeApp.swift */ = {isa = PBXFileReference; lastKnownFileType = sourcecode.swift; path = MealMeApp.swift; sourceTree = "<group>"; };
		427F7BCD293707D600278A9B /* ContentView.swift */ = {isa = PBXFileReference; lastKnownFileType = sourcecode.swift; path = ContentView.swift; sourceTree = "<group>"; };
		427F7BCF293707D900278A9B /* Assets.xcassets */ = {isa = PBXFileReference; lastKnownFileType = folder.assetcatalog; path = Assets.xcassets; sourceTree = "<group>"; };
		427F7BD2293707D900278A9B /* Preview Assets.xcassets */ = {isa = PBXFileReference; lastKnownFileType = folder.assetcatalog; path = "Preview Assets.xcassets"; sourceTree = "<group>"; };
		427F7BD8293707D900278A9B /* MealMeTests.xctest */ = {isa = PBXFileReference; explicitFileType = wrapper.cfbundle; includeInIndex = 0; path = MealMeTests.xctest; sourceTree = BUILT_PRODUCTS_DIR; };
		427F7BDC293707D900278A9B /* MealMeTests.swift */ = {isa = PBXFileReference; lastKnownFileType = sourcecode.swift; path = MealMeTests.swift; sourceTree = "<group>"; };
		427F7BE2293707D900278A9B /* MealMeUITests.xctest */ = {isa = PBXFileReference; explicitFileType = wrapper.cfbundle; includeInIndex = 0; path = MealMeUITests.xctest; sourceTree = BUILT_PRODUCTS_DIR; };
		427F7BE6293707D900278A9B /* MealMeUITests.swift */ = {isa = PBXFileReference; lastKnownFileType = sourcecode.swift; path = MealMeUITests.swift; sourceTree = "<group>"; };
		427F7BE8293707D900278A9B /* MealMeUITestsLaunchTests.swift */ = {isa = PBXFileReference; lastKnownFileType = sourcecode.swift; path = MealMeUITestsLaunchTests.swift; sourceTree = "<group>"; };
/* End PBXFileReference section */

/* Begin PBXFrameworksBuildPhase section */
		427F7BC5293707D600278A9B /* Frameworks */ = {
			isa = PBXFrameworksBuildPhase;
			buildActionMask = 2147483647;
			files = (
			);
			runOnlyForDeploymentPostprocessing = 0;
		};
		427F7BD5293707D900278A9B /* Frameworks */ = {
			isa = PBXFrameworksBuildPhase;
			buildActionMask = 2147483647;
			files = (
			);
			runOnlyForDeploymentPostprocessing = 0;
		};
		427F7BDF293707D900278A9B /* Frameworks */ = {
			isa = PBXFrameworksBuildPhase;
			buildActionMask = 2147483647;
			files = (
			);
			runOnlyForDeploymentPostprocessing = 0;
		};
/* End PBXFrameworksBuildPhase section */

/* Begin PBXGroup section */
		427F7BBF293707D600278A9B = {
			isa = PBXGroup;
			children = (
				427F7BCA293707D600278A9B /* MealMe */,
				427F7BDB293707D900278A9B /* MealMeTests */,
				427F7BE5293707D900278A9B /* MealMeUITests */,
				427F7BC9293707D600278A9B /* Products */,
			);
			sourceTree = "<group>";
		};
		427F7BC9293707D600278A9B /* Products */ = {
			isa = PBXGroup;
			children = (
				427F7BC8293707D600278A9B /* MealMe.app */,
				427F7BD8293707D900278A9B /* MealMeTests.xctest */,
				427F7BE2293707D900278A9B /* MealMeUITests.xctest */,
			);
			name = Products;
			sourceTree = "<group>";
		};
		427F7BCA293707D600278A9B /* MealMe */ = {
			isa = PBXGroup;
			children = (
				427F7BCB293707D600278A9B /* MealMeApp.swift */,
				427F7BCD293707D600278A9B /* ContentView.swift */,
				427F7BCF293707D900278A9B /* Assets.xcassets */,
				427F7BD1293707D900278A9B /* Preview Content */,
			);
			path = MealMe;
			sourceTree = "<group>";
		};
		427F7BD1293707D900278A9B /* Preview Content */ = {
			isa = PBXGroup;
			children = (
				427F7BD2293707D900278A9B /* Preview Assets.xcassets */,
			);
			path = "Preview Content";
			sourceTree = "<group>";
		};
		427F7BDB293707D900278A9B /* MealMeTests */ = {
			isa = PBXGroup;
			children = (
				427F7BDC293707D900278A9B /* MealMeTests.swift */,
			);
			path = MealMeTests;
			sourceTree = "<group>";
		};
		427F7BE5293707D900278A9B /* MealMeUITests */ = {
			isa = PBXGroup;
			children = (
				427F7BE6293707D900278A9B /* MealMeUITests.swift */,
				427F7BE8293707D900278A9B /* MealMeUITestsLaunchTests.swift */,
			);
			path = MealMeUITests;
			sourceTree = "<group>";
		};
/* End PBXGroup section */

/* Begin PBXNativeTarget section */
		427F7BC7293707D600278A9B /* MealMe */ = {
			isa = PBXNativeTarget;
			buildConfigurationList = 427F7BEC293707D900278A9B /* Build configuration list for PBXNativeTarget "MealMe" */;
			buildPhases = (
				427F7BC4293707D600278A9B /* Sources */,
				427F7BC5293707D600278A9B /* Frameworks */,
				427F7BC6293707D600278A9B /* Resources */,
			);
			buildRules = (
			);
			dependencies = (
			);
			name = MealMe;
			productName = MealMe;
			productReference = 427F7BC8293707D600278A9B /* MealMe.app */;
			productType = "com.apple.product-type.application";
		};
		427F7BD7293707D900278A9B /* MealMeTests */ = {
			isa = PBXNativeTarget;
			buildConfigurationList = 427F7BEF293707D900278A9B /* Build configuration list for PBXNativeTarget "MealMeTests" */;
			buildPhases = (
				427F7BD4293707D900278A9B /* Sources */,
				427F7BD5293707D900278A9B /* Frameworks */,
				427F7BD6293707D900278A9B /* Resources */,
			);
			buildRules = (
			);
			dependencies = (
				427F7BDA293707D900278A9B /* PBXTargetDependency */,
			);
			name = MealMeTests;
			productName = MealMeTests;
			productReference = 427F7BD8293707D900278A9B /* MealMeTests.xctest */;
			productType = "com.apple.product-type.bundle.unit-test";
		};
		427F7BE1293707D900278A9B /* MealMeUITests */ = {
			isa = PBXNativeTarget;
			buildConfigurationList = 427F7BF2293707D900278A9B /* Build configuration list for PBXNativeTarget "MealMeUITests" */;
			buildPhases = (
				427F7BDE293707D900278A9B /* Sources */,
				427F7BDF293707D900278A9B /* Frameworks */,
				427F7BE0293707D900278A9B /* Resources */,
			);
			buildRules = (
			);
			dependencies = (
				427F7BE4293707D900278A9B /* PBXTargetDependency */,
			);
			name = MealMeUITests;
			productName = MealMeUITests;
			productReference = 427F7BE2293707D900278A9B /* MealMeUITests.xctest */;
			productType = "com.apple.product-type.bundle.ui-testing";
		};
/* End PBXNativeTarget section */

/* Begin PBXProject section */
		427F7BC0293707D600278A9B /* Project object */ = {
			isa = PBXProject;
			attributes = {
				BuildIndependentTargetsInParallel = 1;
				LastSwiftUpdateCheck = 1400;
				LastUpgradeCheck = 1400;
				TargetAttributes = {
					427F7BC7293707D600278A9B = {
						CreatedOnToolsVersion = 14.0.1;
					};
					427F7BD7293707D900278A9B = {
						CreatedOnToolsVersion = 14.0.1;
						TestTargetID = 427F7BC7293707D600278A9B;
					};
					427F7BE1293707D900278A9B = {
						CreatedOnToolsVersion = 14.0.1;
						TestTargetID = 427F7BC7293707D600278A9B;
					};
				};
			};
			buildConfigurationList = 427F7BC3293707D600278A9B /* Build configuration list for PBXProject "MealMe" */;
			compatibilityVersion = "Xcode 14.0";
			developmentRegion = en;
			hasScannedForEncodings = 0;
			knownRegions = (
				en,
				Base,
			);
			mainGroup = 427F7BBF293707D600278A9B;
			productRefGroup = 427F7BC9293707D600278A9B /* Products */;
			projectDirPath = "";
			projectRoot = "";
			targets = (
				427F7BC7293707D600278A9B /* MealMe */,
				427F7BD7293707D900278A9B /* MealMeTests */,
				427F7BE1293707D900278A9B /* MealMeUITests */,
			);
		};
/* End PBXProject section */

/* Begin PBXResourcesBuildPhase section */
		427F7BC6293707D600278A9B /* Resources */ = {
			isa = PBXResourcesBuildPhase;
			buildActionMask = 2147483647;
			files = (
				427F7BD3293707D900278A9B /* Preview Assets.xcassets in Resources */,
				427F7BD0293707D900278A9B /* Assets.xcassets in Resources */,
			);
			runOnlyForDeploymentPostprocessing = 0;
		};
		427F7BD6293707D900278A9B /* Resources */ = {
			isa = PBXResourcesBuildPhase;
			buildActionMask = 2147483647;
			files = (
			);
			runOnlyForDeploymentPostprocessing = 0;
		};
		427F7BE0293707D900278A9B /* Resources */ = {
			isa = PBXResourcesBuildPhase;
			buildActionMask = 2147483647;
			files = (
			);
			runOnlyForDeploymentPostprocessing = 0;
		};
/* End PBXResourcesBuildPhase section */

/* Begin PBXSourcesBuildPhase section */
		427F7BC4293707D600278A9B /* Sources */ = {
			isa = PBXSourcesBuildPhase;
			buildActionMask = 2147483647;
			files = (
				427F7BCE293707D600278A9B /* ContentView.swift in Sources */,
				427F7BCC293707D600278A9B /* MealMeApp.swift in Sources */,
			);
			runOnlyForDeploymentPostprocessing = 0;
		};
		427F7BD4293707D900278A9B /* Sources */ = {
			isa = PBXSourcesBuildPhase;
			buildActionMask = 2147483647;
			files = (
				427F7BDD293707D900278A9B /* MealMeTests.swift in Sources */,
			);
			runOnlyForDeploymentPostprocessing = 0;
		};
		427F7BDE293707D900278A9B /* Sources */ = {
			isa = PBXSourcesBuildPhase;
			buildActionMask = 2147483647;
			files = (
				427F7BE7293707D900278A9B /* MealMeUITests.swift in Sources */,
				427F7BE9293707D900278A9B /* MealMeUITestsLaunchTests.swift in Sources */,
			);
			runOnlyForDeploymentPostprocessing = 0;
		};
/* End PBXSourcesBuildPhase section */

/* Begin PBXTargetDependency section */
		427F7BDA293707D900278A9B /* PBXTargetDependency */ = {
			isa = PBXTargetDependency;
			target = 427F7BC7293707D600278A9B /* MealMe */;
			targetProxy = 427F7BD9293707D900278A9B /* PBXContainerItemProxy */;
		};
		427F7BE4293707D900278A9B /* PBXTargetDependency */ = {
			isa = PBXTargetDependency;
			target = 427F7BC7293707D600278A9B /* MealMe */;
			targetProxy = 427F7BE3293707D900278A9B /* PBXContainerItemProxy */;
		};
/* End PBXTargetDependency section */

/* Begin XCBuildConfiguration section */
		427F7BEA293707D900278A9B /* Debug */ = {
			isa = XCBuildConfiguration;
			buildSettings = {
				ALWAYS_SEARCH_USER_PATHS = NO;
				CLANG_ANALYZER_NONNULL = YES;
				CLANG_ANALYZER_NUMBER_OBJECT_CONVERSION = YES_AGGRESSIVE;
				CLANG_CXX_LANGUAGE_STANDARD = "gnu++20";
				CLANG_ENABLE_MODULES = YES;
				CLANG_ENABLE_OBJC_ARC = YES;
				CLANG_ENABLE_OBJC_WEAK = YES;
				CLANG_WARN_BLOCK_CAPTURE_AUTORELEASING = YES;
				CLANG_WARN_BOOL_CONVERSION = YES;
				CLANG_WARN_COMMA = YES;
				CLANG_WARN_CONSTANT_CONVERSION = YES;
				CLANG_WARN_DEPRECATED_OBJC_IMPLEMENTATIONS = YES;
				CLANG_WARN_DIRECT_OBJC_ISA_USAGE = YES_ERROR;
				CLANG_WARN_DOCUMENTATION_COMMENTS = YES;
				CLANG_WARN_EMPTY_BODY = YES;
				CLANG_WARN_ENUM_CONVERSION = YES;
				CLANG_WARN_INFINITE_RECURSION = YES;
				CLANG_WARN_INT_CONVERSION = YES;
				CLANG_WARN_NON_LITERAL_NULL_CONVERSION = YES;
				CLANG_WARN_OBJC_IMPLICIT_RETAIN_SELF = YES;
				CLANG_WARN_OBJC_LITERAL_CONVERSION = YES;
				CLANG_WARN_OBJC_ROOT_CLASS = YES_ERROR;
				CLANG_WARN_QUOTED_INCLUDE_IN_FRAMEWORK_HEADER = YES;
				CLANG_WARN_RANGE_LOOP_ANALYSIS = YES;
				CLANG_WARN_STRICT_PROTOTYPES = YES;
				CLANG_WARN_SUSPICIOUS_MOVE = YES;
				CLANG_WARN_UNGUARDED_AVAILABILITY = YES_AGGRESSIVE;
				CLANG_WARN_UNREACHABLE_CODE = YES;
				CLANG_WARN__DUPLICATE_METHOD_MATCH = YES;
				COPY_PHASE_STRIP = NO;
				DEBUG_INFORMATION_FORMAT = dwarf;
				ENABLE_STRICT_OBJC_MSGSEND = YES;
				ENABLE_TESTABILITY = YES;
				GCC_C_LANGUAGE_STANDARD = gnu11;
				GCC_DYNAMIC_NO_PIC = NO;
				GCC_NO_COMMON_BLOCKS = YES;
				GCC_OPTIMIZATION_LEVEL = 0;
				GCC_PREPROCESSOR_DEFINITIONS = (
					"DEBUG=1",
					"$(inherited)",
				);
				GCC_WARN_64_TO_32_BIT_CONVERSION = YES;
				GCC_WARN_ABOUT_RETURN_TYPE = YES_ERROR;
				GCC_WARN_UNDECLARED_SELECTOR = YES;
				GCC_WARN_UNINITIALIZED_AUTOS = YES_AGGRESSIVE;
				GCC_WARN_UNUSED_FUNCTION = YES;
				GCC_WARN_UNUSED_VARIABLE = YES;
				IPHONEOS_DEPLOYMENT_TARGET = 16.0;
				MTL_ENABLE_DEBUG_INFO = INCLUDE_SOURCE;
				MTL_FAST_MATH = YES;
				ONLY_ACTIVE_ARCH = YES;
				SDKROOT = iphoneos;
				SWIFT_ACTIVE_COMPILATION_CONDITIONS = DEBUG;
				SWIFT_OPTIMIZATION_LEVEL = "-Onone";
			};
			name = Debug;
		};
		427F7BEB293707D900278A9B /* Release */ = {
			isa = XCBuildConfiguration;
			buildSettings = {
				ALWAYS_SEARCH_USER_PATHS = NO;
				CLANG_ANALYZER_NONNULL = YES;
				CLANG_ANALYZER_NUMBER_OBJECT_CONVERSION = YES_AGGRESSIVE;
				CLANG_CXX_LANGUAGE_STANDARD = "gnu++20";
				CLANG_ENABLE_MODULES = YES;
				CLANG_ENABLE_OBJC_ARC = YES;
				CLANG_ENABLE_OBJC_WEAK = YES;
				CLANG_WARN_BLOCK_CAPTURE_AUTORELEASING = YES;
				CLANG_WARN_BOOL_CONVERSION = YES;
				CLANG_WARN_COMMA = YES;
				CLANG_WARN_CONSTANT_CONVERSION = YES;
				CLANG_WARN_DEPRECATED_OBJC_IMPLEMENTATIONS = YES;
				CLANG_WARN_DIRECT_OBJC_ISA_USAGE = YES_ERROR;
				CLANG_WARN_DOCUMENTATION_COMMENTS = YES;
				CLANG_WARN_EMPTY_BODY = YES;
				CLANG_WARN_ENUM_CONVERSION = YES;
				CLANG_WARN_INFINITE_RECURSION = YES;
				CLANG_WARN_INT_CONVERSION = YES;
				CLANG_WARN_NON_LITERAL_NULL_CONVERSION = YES;
				CLANG_WARN_OBJC_IMPLICIT_RETAIN_SELF = YES;
				CLANG_WARN_OBJC_LITERAL_CONVERSION = YES;
				CLANG_WARN_OBJC_ROOT_CLASS = YES_ERROR;
				CLANG_WARN_QUOTED_INCLUDE_IN_FRAMEWORK_HEADER = YES;
				CLANG_WARN_RANGE_LOOP_ANALYSIS = YES;
				CLANG_WARN_STRICT_PROTOTYPES = YES;
				CLANG_WARN_SUSPICIOUS_MOVE = YES;
				CLANG_WARN_UNGUARDED_AVAILABILITY = YES_AGGRESSIVE;
				CLANG_WARN_UNREACHABLE_CODE = YES;
				CLANG_WARN__DUPLICATE_METHOD_MATCH = YES;
				COPY_PHASE_STRIP = NO;
				DEBUG_INFORMATION_FORMAT = "dwarf-with-dsym";
				ENABLE_NS_ASSERTIONS = NO;
				ENABLE_STRICT_OBJC_MSGSEND = YES;
				GCC_C_LANGUAGE_STANDARD = gnu11;
				GCC_NO_COMMON_BLOCKS = YES;
				GCC_WARN_64_TO_32_BIT_CONVERSION = YES;
				GCC_WARN_ABOUT_RETURN_TYPE = YES_ERROR;
				GCC_WARN_UNDECLARED_SELECTOR = YES;
				GCC_WARN_UNINITIALIZED_AUTOS = YES_AGGRESSIVE;
				GCC_WARN_UNUSED_FUNCTION = YES;
				GCC_WARN_UNUSED_VARIABLE = YES;
				IPHONEOS_DEPLOYMENT_TARGET = 16.0;
				MTL_ENABLE_DEBUG_INFO = NO;
				MTL_FAST_MATH = YES;
				SDKROOT = iphoneos;
				SWIFT_COMPILATION_MODE = wholemodule;
				SWIFT_OPTIMIZATION_LEVEL = "-O";
				VALIDATE_PRODUCT = YES;
			};
			name = Release;
		};
		427F7BED293707D900278A9B /* Debug */ = {
			isa = XCBuildConfiguration;
			buildSettings = {
				ASSETCATALOG_COMPILER_APPICON_NAME = AppIcon;
				ASSETCATALOG_COMPILER_GLOBAL_ACCENT_COLOR_NAME = AccentColor;
				CODE_SIGN_STYLE = Automatic;
				CURRENT_PROJECT_VERSION = 1;
				DEVELOPMENT_ASSET_PATHS = "\"MealMe/Preview Content\"";
				ENABLE_PREVIEWS = YES;
				GENERATE_INFOPLIST_FILE = YES;
				INFOPLIST_KEY_UIApplicationSceneManifest_Generation = YES;
				INFOPLIST_KEY_UIApplicationSupportsIndirectInputEvents = YES;
				INFOPLIST_KEY_UILaunchScreen_Generation = YES;
				INFOPLIST_KEY_UISupportedInterfaceOrientations_iPad = "UIInterfaceOrientationPortrait UIInterfaceOrientationPortraitUpsideDown UIInterfaceOrientationLandscapeLeft UIInterfaceOrientationLandscapeRight";
				INFOPLIST_KEY_UISupportedInterfaceOrientations_iPhone = "UIInterfaceOrientationPortrait UIInterfaceOrientationLandscapeLeft UIInterfaceOrientationLandscapeRight";
				LD_RUNPATH_SEARCH_PATHS = (
					"$(inherited)",
					"@executable_path/Frameworks",
				);
				MARKETING_VERSION = 1.0;
				PRODUCT_BUNDLE_IDENTIFIER = com.timothy.MealMe;
				PRODUCT_NAME = "$(TARGET_NAME)";
				SWIFT_EMIT_LOC_STRINGS = YES;
				SWIFT_VERSION = 5.0;
				TARGETED_DEVICE_FAMILY = "1,2";
			};
			name = Debug;
		};
		427F7BEE293707D900278A9B /* Release */ = {
			isa = XCBuildConfiguration;
			buildSettings = {
				ASSETCATALOG_COMPILER_APPICON_NAME = AppIcon;
				ASSETCATALOG_COMPILER_GLOBAL_ACCENT_COLOR_NAME = AccentColor;
				CODE_SIGN_STYLE = Automatic;
				CURRENT_PROJECT_VERSION = 1;
				DEVELOPMENT_ASSET_PATHS = "\"MealMe/Preview Content\"";
				ENABLE_PREVIEWS = YES;
				GENERATE_INFOPLIST_FILE = YES;
				INFOPLIST_KEY_UIApplicationSceneManifest_Generation = YES;
				INFOPLIST_KEY_UIApplicationSupportsIndirectInputEvents = YES;
				INFOPLIST_KEY_UILaunchScreen_Generation = YES;
				INFOPLIST_KEY_UISupportedInterfaceOrientations_iPad = "UIInterfaceOrientationPortrait UIInterfaceOrientationPortraitUpsideDown UIInterfaceOrientationLandscapeLeft UIInterfaceOrientationLandscapeRight";
				INFOPLIST_KEY_UISupportedInterfaceOrientations_iPhone = "UIInterfaceOrientationPortrait UIInterfaceOrientationLandscapeLeft UIInterfaceOrientationLandscapeRight";
				LD_RUNPATH_SEARCH_PATHS = (
					"$(inherited)",
					"@executable_path/Frameworks",
				);
				MARKETING_VERSION = 1.0;
				PRODUCT_BUNDLE_IDENTIFIER = com.timothy.MealMe;
				PRODUCT_NAME = "$(TARGET_NAME)";
				SWIFT_EMIT_LOC_STRINGS = YES;
				SWIFT_VERSION = 5.0;
				TARGETED_DEVICE_FAMILY = "1,2";
			};
			name = Release;
		};
		427F7BF0293707D900278A9B /* Debug */ = {
			isa = XCBuildConfiguration;
			buildSettings = {
				ALWAYS_EMBED_SWIFT_STANDARD_LIBRARIES = YES;
				BUNDLE_LOADER = "$(TEST_HOST)";
				CODE_SIGN_STYLE = Automatic;
				CURRENT_PROJECT_VERSION = 1;
				GENERATE_INFOPLIST_FILE = YES;
				IPHONEOS_DEPLOYMENT_TARGET = 16.0;
				MARKETING_VERSION = 1.0;
				PRODUCT_BUNDLE_IDENTIFIER = com.timothy.MealMeTests;
				PRODUCT_NAME = "$(TARGET_NAME)";
				SWIFT_EMIT_LOC_STRINGS = NO;
				SWIFT_VERSION = 5.0;
				TARGETED_DEVICE_FAMILY = "1,2";
				TEST_HOST = "$(BUILT_PRODUCTS_DIR)/MealMe.app/$(BUNDLE_EXECUTABLE_FOLDER_PATH)/MealMe";
			};
			name = Debug;
		};
		427F7BF1293707D900278A9B /* Release */ = {
			isa = XCBuildConfiguration;
			buildSettings = {
				ALWAYS_EMBED_SWIFT_STANDARD_LIBRARIES = YES;
				BUNDLE_LOADER = "$(TEST_HOST)";
				CODE_SIGN_STYLE = Automatic;
				CURRENT_PROJECT_VERSION = 1;
				GENERATE_INFOPLIST_FILE = YES;
				IPHONEOS_DEPLOYMENT_TARGET = 16.0;
				MARKETING_VERSION = 1.0;
				PRODUCT_BUNDLE_IDENTIFIER = com.timothy.MealMeTests;
				PRODUCT_NAME = "$(TARGET_NAME)";
				SWIFT_EMIT_LOC_STRINGS = NO;
				SWIFT_VERSION = 5.0;
				TARGETED_DEVICE_FAMILY = "1,2";
				TEST_HOST = "$(BUILT_PRODUCTS_DIR)/MealMe.app/$(BUNDLE_EXECUTABLE_FOLDER_PATH)/MealMe";
			};
			name = Release;
		};
		427F7BF3293707D900278A9B /* Debug */ = {
			isa = XCBuildConfiguration;
			buildSettings = {
				ALWAYS_EMBED_SWIFT_STANDARD_LIBRARIES = YES;
				CODE_SIGN_STYLE = Automatic;
				CURRENT_PROJECT_VERSION = 1;
				GENERATE_INFOPLIST_FILE = YES;
				MARKETING_VERSION = 1.0;
				PRODUCT_BUNDLE_IDENTIFIER = com.timothy.MealMeUITests;
				PRODUCT_NAME = "$(TARGET_NAME)";
				SWIFT_EMIT_LOC_STRINGS = NO;
				SWIFT_VERSION = 5.0;
				TARGETED_DEVICE_FAMILY = "1,2";
				TEST_TARGET_NAME = MealMe;
			};
			name = Debug;
		};
		427F7BF4293707D900278A9B /* Release */ = {
			isa = XCBuildConfiguration;
			buildSettings = {
				ALWAYS_EMBED_SWIFT_STANDARD_LIBRARIES = YES;
				CODE_SIGN_STYLE = Automatic;
				CURRENT_PROJECT_VERSION = 1;
				GENERATE_INFOPLIST_FILE = YES;
				MARKETING_VERSION = 1.0;
				PRODUCT_BUNDLE_IDENTIFIER = com.timothy.MealMeUITests;
				PRODUCT_NAME = "$(TARGET_NAME)";
				SWIFT_EMIT_LOC_STRINGS = NO;
				SWIFT_VERSION = 5.0;
				TARGETED_DEVICE_FAMILY = "1,2";
				TEST_TARGET_NAME = MealMe;
			};
			name = Release;
		};
/* End XCBuildConfiguration section */

/* Begin XCConfigurationList section */
		427F7BC3293707D600278A9B /* Build configuration list for PBXProject "MealMe" */ = {
			isa = XCConfigurationList;
			buildConfigurations = (
				427F7BEA293707D900278A9B /* Debug */,
				427F7BEB293707D900278A9B /* Release */,
			);
			defaultConfigurationIsVisible = 0;
			defaultConfigurationName = Release;
		};
		427F7BEC293707D900278A9B /* Build configuration list for PBXNativeTarget "MealMe" */ = {
			isa = XCConfigurationList;
			buildConfigurations = (
				427F7BED293707D900278A9B /* Debug */,
				427F7BEE293707D900278A9B /* Release */,
			);
			defaultConfigurationIsVisible = 0;
			defaultConfigurationName = Release;
		};
		427F7BEF293707D900278A9B /* Build configuration list for PBXNativeTarget "MealMeTests" */ = {
			isa = XCConfigurationList;
			buildConfigurations = (
				427F7BF0293707D900278A9B /* Debug */,
				427F7BF1293707D900278A9B /* Release */,
			);
			defaultConfigurationIsVisible = 0;
			defaultConfigurationName = Release;
		};
		427F7BF2293707D900278A9B /* Build configuration list for PBXNativeTarget "MealMeUITests" */ = {
			isa = XCConfigurationList;
			buildConfigurations = (
				427F7BF3293707D900278A9B /* Debug */,
				427F7BF4293707D900278A9B /* Release */,
			);
			defaultConfigurationIsVisible = 0;
			defaultConfigurationName = Release;
		};
/* End XCConfigurationList section */
	};
	rootObject = 427F7BC0293707D600278A9B /* Project object */;
}
